// !$*UTF8*$!
{
	archiveVersion = 1;
	classes = {
	};
	objectVersion = 46;
	objects = {

/* Begin PBXBuildFile section */
		C0CFCCA71C0A2F18000842A5 /* AboutViewController.swift in Sources */ = {isa = PBXBuildFile; fileRef = C0CFCCA61C0A2F18000842A5 /* AboutViewController.swift */; };
		C0CFCCAB1C0A39D8000842A5 /* BullsEye.html in Resources */ = {isa = PBXBuildFile; fileRef = C0CFCCAA1C0A39D8000842A5 /* BullsEye.html */; };
		C0EE6DAF1C078CE600184A66 /* AppDelegate.swift in Sources */ = {isa = PBXBuildFile; fileRef = C0EE6DAE1C078CE600184A66 /* AppDelegate.swift */; };
		C0EE6DB11C078CE600184A66 /* ViewController.swift in Sources */ = {isa = PBXBuildFile; fileRef = C0EE6DB01C078CE600184A66 /* ViewController.swift */; };
		C0EE6DB41C078CE600184A66 /* Main.storyboard in Resources */ = {isa = PBXBuildFile; fileRef = C0EE6DB21C078CE600184A66 /* Main.storyboard */; };
		C0EE6DB61C078CE600184A66 /* Assets.xcassets in Resources */ = {isa = PBXBuildFile; fileRef = C0EE6DB51C078CE600184A66 /* Assets.xcassets */; };
		C0EE6DB91C078CE600184A66 /* LaunchScreen.storyboard in Resources */ = {isa = PBXBuildFile; fileRef = C0EE6DB71C078CE600184A66 /* LaunchScreen.storyboard */; };
/* End PBXBuildFile section */

/* Begin PBXFileReference section */
		C0CFCCA61C0A2F18000842A5 /* AboutViewController.swift */ = {isa = PBXFileReference; fileEncoding = 4; lastKnownFileType = sourcecode.swift; path = AboutViewController.swift; sourceTree = "<group>"; };
		C0CFCCAA1C0A39D8000842A5 /* BullsEye.html */ = {isa = PBXFileReference; fileEncoding = 4; lastKnownFileType = text.html; path = BullsEye.html; sourceTree = "<group>"; };
		C0EE6DAB1C078CE600184A66 /* BullsEye.app */ = {isa = PBXFileReference; explicitFileType = wrapper.application; includeInIndex = 0; path = BullsEye.app; sourceTree = BUILT_PRODUCTS_DIR; };
		C0EE6DAE1C078CE600184A66 /* AppDelegate.swift */ = {isa = PBXFileReference; lastKnownFileType = sourcecode.swift; path = AppDelegate.swift; sourceTree = "<group>"; };
		C0EE6DB01C078CE600184A66 /* ViewController.swift */ = {isa = PBXFileReference; lastKnownFileType = sourcecode.swift; path = ViewController.swift; sourceTree = "<group>"; };
		C0EE6DB31C078CE600184A66 /* Base */ = {isa = PBXFileReference; lastKnownFileType = file.storyboard; name = Base; path = Base.lproj/Main.storyboard; sourceTree = "<group>"; };
		C0EE6DB51C078CE600184A66 /* Assets.xcassets */ = {isa = PBXFileReference; lastKnownFileType = folder.assetcatalog; path = Assets.xcassets; sourceTree = "<group>"; };
		C0EE6DB81C078CE600184A66 /* Base */ = {isa = PBXFileReference; lastKnownFileType = file.storyboard; name = Base; path = Base.lproj/LaunchScreen.storyboard; sourceTree = "<group>"; };
		C0EE6DBA1C078CE600184A66 /* Info.plist */ = {isa = PBXFileReference; lastKnownFileType = text.plist.xml; path = Info.plist; sourceTree = "<group>"; };
/* End PBXFileReference section */

/* Begin PBXFrameworksBuildPhase section */
		C0EE6DA81C078CE600184A66 /* Frameworks */ = {
			isa = PBXFrameworksBuildPhase;
			buildActionMask = 2147483647;
			files = (
			);
			runOnlyForDeploymentPostprocessing = 0;
		};
/* End PBXFrameworksBuildPhase section */

/* Begin PBXGroup section */
		C0EE6DA21C078CE600184A66 = {
			isa = PBXGroup;
			children = (
				C0EE6DAD1C078CE600184A66 /* BullsEye */,
				C0EE6DAC1C078CE600184A66 /* Products */,
			);
			sourceTree = "<group>";
		};
		C0EE6DAC1C078CE600184A66 /* Products */ = {
			isa = PBXGroup;
			children = (
				C0EE6DAB1C078CE600184A66 /* BullsEye.app */,
			);
			name = Products;
			sourceTree = "<group>";
		};
		C0EE6DAD1C078CE600184A66 /* BullsEye */ = {
			isa = PBXGroup;
			children = (
				C0CFCCAA1C0A39D8000842A5 /* BullsEye.html */,
				C0CFCCA61C0A2F18000842A5 /* AboutViewController.swift */,
				C0EE6DAE1C078CE600184A66 /* AppDelegate.swift */,
				C0EE6DB01C078CE600184A66 /* ViewController.swift */,
				C0EE6DB21C078CE600184A66 /* Main.storyboard */,
				C0EE6DB51C078CE600184A66 /* Assets.xcassets */,
				C0EE6DB71C078CE600184A66 /* LaunchScreen.storyboard */,
				C0EE6DBA1C078CE600184A66 /* Info.plist */,
			);
			path = BullsEye;
			sourceTree = "<group>";
		};
/* End PBXGroup section */

/* Begin PBXNativeTarget section */
		C0EE6DAA1C078CE600184A66 /* BullsEye */ = {
			isa = PBXNativeTarget;
			buildConfigurationList = C0EE6DBD1C078CE600184A66 /* Build configuration list for PBXNativeTarget "BullsEye" */;
			buildPhases = (
				C0EE6DA71C078CE600184A66 /* Sources */,
				C0EE6DA81C078CE600184A66 /* Frameworks */,
				C0EE6DA91C078CE600184A66 /* Resources */,
			);
			buildRules = (
			);
			dependencies = (
			);
			name = BullsEye;
			productName = BullsEye;
			productReference = C0EE6DAB1C078CE600184A66 /* BullsEye.app */;
			productType = "com.apple.product-type.application";
		};
/* End PBXNativeTarget section */

/* Begin PBXProject section */
		C0EE6DA31C078CE600184A66 /* Project object */ = {
			isa = PBXProject;
			attributes = {
				LastSwiftUpdateCheck = 0710;
				LastUpgradeCheck = 0710;
				ORGANIZATIONNAME = lizvdk;
				TargetAttributes = {
					C0EE6DAA1C078CE600184A66 = {
						CreatedOnToolsVersion = 7.1.1;
					};
				};
			};
			buildConfigurationList = C0EE6DA61C078CE600184A66 /* Build configuration list for PBXProject "BullsEye" */;
			compatibilityVersion = "Xcode 3.2";
			developmentRegion = English;
			hasScannedForEncodings = 0;
			knownRegions = (
				en,
				Base,
			);
			mainGroup = C0EE6DA21C078CE600184A66;
			productRefGroup = C0EE6DAC1C078CE600184A66 /* Products */;
			projectDirPath = "";
			projectRoot = "";
			targets = (
				C0EE6DAA1C078CE600184A66 /* BullsEye */,
			);
		};
/* End PBXProject section */

/* Begin PBXResourcesBuildPhase section */
		C0EE6DA91C078CE600184A66 /* Resources */ = {
			isa = PBXResourcesBuildPhase;
			buildActionMask = 2147483647;
			files = (
				C0EE6DB91C078CE600184A66 /* LaunchScreen.storyboard in Resources */,
				C0CFCCAB1C0A39D8000842A5 /* BullsEye.html in Resources */,
				C0EE6DB61C078CE600184A66 /* Assets.xcassets in Resources */,
				C0EE6DB41C078CE600184A66 /* Main.storyboard in Resources */,
			);
			runOnlyForDeploymentPostprocessing = 0;
		};
/* End PBXResourcesBuildPhase section */

/* Begin PBXSourcesBuildPhase section */
		C0EE6DA71C078CE600184A66 /* Sources */ = {
			isa = PBXSourcesBuildPhase;
			buildActionMask = 2147483647;
			files = (
				C0CFCCA71C0A2F18000842A5 /* AboutViewController.swift in Sources */,
				C0EE6DB11C078CE600184A66 /* ViewController.swift in Sources */,
				C0EE6DAF1C078CE600184A66 /* AppDelegate.swift in Sources */,
			);
			runOnlyForDeploymentPostprocessing = 0;
		};
/* End PBXSourcesBuildPhase section */

/* Begin PBXVariantGroup section */
		C0EE6DB21C078CE600184A66 /* Main.storyboard */ = {
			isa = PBXVariantGroup;
			children = (
				C0EE6DB31C078CE600184A66 /* Base */,
			);
			name = Main.storyboard;
			sourceTree = "<group>";
		};
		C0EE6DB71C078CE600184A66 /* LaunchScreen.storyboard */ = {
			isa = PBXVariantGroup;
			children = (
				C0EE6DB81C078CE600184A66 /* Base */,
			);
			name = LaunchScreen.storyboard;
			sourceTree = "<group>";
		};
/* End PBXVariantGroup section */

/* Begin XCBuildConfiguration section */
		C0EE6DBB1C078CE600184A66 /* Debug */ = {
			isa = XCBuildConfiguration;
			buildSettings = {
				ALWAYS_SEARCH_USER_PATHS = NO;
				CLANG_CXX_LANGUAGE_STANDARD = "gnu++0x";
				CLANG_CXX_LIBRARY = "libc++";
				CLANG_ENABLE_MODULES = YES;
				CLANG_ENABLE_OBJC_ARC = YES;
				CLANG_WARN_BOOL_CONVERSION = YES;
				CLANG_WARN_CONSTANT_CONVERSION = YES;
				CLANG_WARN_DIRECT_OBJC_ISA_USAGE = YES_ERROR;
				CLANG_WARN_EMPTY_BODY = YES;
				CLANG_WARN_ENUM_CONVERSION = YES;
				CLANG_WARN_INT_CONVERSION = YES;
				CLANG_WARN_OBJC_ROOT_CLASS = YES_ERROR;
				CLANG_WARN_UNREACHABLE_CODE = YES;
				CLANG_WARN__DUPLICATE_METHOD_MATCH = YES;
				"CODE_SIGN_IDENTITY[sdk=iphoneos*]" = "iPhone Developer";
				COPY_PHASE_STRIP = NO;
				DEBUG_INFORMATION_FORMAT = dwarf;
				ENABLE_STRICT_OBJC_MSGSEND = YES;
				ENABLE_TESTABILITY = YES;
				GCC_C_LANGUAGE_STANDARD = gnu99;
				GCC_DYNAMIC_NO_PIC = NO;
				GCC_NO_COMMON_BLOCKS = YES;
				GCC_OPTIMIZATION_LEVEL = 0;
				GCC_PREPROCESSOR_DEFINITIONS = (
					"DEBUG=1",
					"$(inherited)",
				);
				GCC_WARN_64_TO_32_BIT_CONVERSION = YES;
				GCC_WARN_ABOUT_RETURN_TYPE = YES_ERROR;
				GCC_WARN_UNDECLARED_SELECTOR = YES;
				GCC_WARN_UNINITIALIZED_AUTOS = YES_AGGRESSIVE;
				GCC_WARN_UNUSED_FUNCTION = YES;
				GCC_WARN_UNUSED_VARIABLE = YES;
				IPHONEOS_DEPLOYMENT_TARGET = 9.1;
				MTL_ENABLE_DEBUG_INFO = YES;
				ONLY_ACTIVE_ARCH = YES;
				SDKROOT = iphoneos;
				SWIFT_OPTIMIZATION_LEVEL = "-Onone";
			};
			name = Debug;
		};
		C0EE6DBC1C078CE600184A66 /* Release */ = {
			isa = XCBuildConfiguration;
			buildSettings = {
				ALWAYS_SEARCH_USER_PATHS = NO;
				CLANG_CXX_LANGUAGE_STANDARD = "gnu++0x";
				CLANG_CXX_LIBRARY = "libc++";
				CLANG_ENABLE_MODULES = YES;
				CLANG_ENABLE_OBJC_ARC = YES;
				CLANG_WARN_BOOL_CONVERSION = YES;
				CLANG_WARN_CONSTANT_CONVERSION = YES;
				CLANG_WARN_DIRECT_OBJC_ISA_USAGE = YES_ERROR;
				CLANG_WARN_EMPTY_BODY = YES;
				CLANG_WARN_ENUM_CONVERSION = YES;
				CLANG_WARN_INT_CONVERSION = YES;
				CLANG_WARN_OBJC_ROOT_CLASS = YES_ERROR;
				CLANG_WARN_UNREACHABLE_CODE = YES;
				CLANG_WARN__DUPLICATE_METHOD_MATCH = YES;
				"CODE_SIGN_IDENTITY[sdk=iphoneos*]" = "iPhone Developer";
				COPY_PHASE_STRIP = NO;
				DEBUG_INFORMATION_FORMAT = "dwarf-with-dsym";
				ENABLE_NS_ASSERTIONS = NO;
				ENABLE_STRICT_OBJC_MSGSEND = YES;
				GCC_C_LANGUAGE_STANDARD = gnu99;
				GCC_NO_COMMON_BLOCKS = YES;
				GCC_WARN_64_TO_32_BIT_CONVERSION = YES;
				GCC_WARN_ABOUT_RETURN_TYPE = YES_ERROR;
				GCC_WARN_UNDECLARED_SELECTOR = YES;
				GCC_WARN_UNINITIALIZED_AUTOS = YES_AGGRESSIVE;
				GCC_WARN_UNUSED_FUNCTION = YES;
				GCC_WARN_UNUSED_VARIABLE = YES;
				IPHONEOS_DEPLOYMENT_TARGET = 9.1;
				MTL_ENABLE_DEBUG_INFO = NO;
				SDKROOT = iphoneos;
				VALIDATE_PRODUCT = YES;
			};
			name = Release;
		};
		C0EE6DBE1C078CE600184A66 /* Debug */ = {
			isa = XCBuildConfiguration;
			buildSettings = {
				ASSETCATALOG_COMPILER_APPICON_NAME = AppIcon;
				INFOPLIST_FILE = BullsEye/Info.plist;
				LD_RUNPATH_SEARCH_PATHS = "$(inherited) @executable_path/Frameworks";
				PRODUCT_BUNDLE_IDENTIFIER = com.lizvdk.BullsEye;
				PRODUCT_NAME = "$(TARGET_NAME)";
			};
			name = Debug;
		};
		C0EE6DBF1C078CE600184A66 /* Release */ = {
			isa = XCBuildConfiguration;
			buildSettings = {
				ASSETCATALOG_COMPILER_APPICON_NAME = AppIcon;
				INFOPLIST_FILE = BullsEye/Info.plist;
				LD_RUNPATH_SEARCH_PATHS = "$(inherited) @executable_path/Frameworks";
				PRODUCT_BUNDLE_IDENTIFIER = com.lizvdk.BullsEye;
				PRODUCT_NAME = "$(TARGET_NAME)";
			};
			name = Release;
		};
/* End XCBuildConfiguration section */

/* Begin XCConfigurationList section */
		C0EE6DA61C078CE600184A66 /* Build configuration list for PBXProject "BullsEye" */ = {
			isa = XCConfigurationList;
			buildConfigurations = (
				C0EE6DBB1C078CE600184A66 /* Debug */,
				C0EE6DBC1C078CE600184A66 /* Release */,
			);
			defaultConfigurationIsVisible = 0;
			defaultConfigurationName = Release;
		};
		C0EE6DBD1C078CE600184A66 /* Build configuration list for PBXNativeTarget "BullsEye" */ = {
			isa = XCConfigurationList;
			buildConfigurations = (
				C0EE6DBE1C078CE600184A66 /* Debug */,
				C0EE6DBF1C078CE600184A66 /* Release */,
			);
			defaultConfigurationIsVisible = 0;
			defaultConfigurationName = Release;
		};
/* End XCConfigurationList section */
	};
	rootObject = C0EE6DA31C078CE600184A66 /* Project object */;
}
